// !$*UTF8*$!
{
	archiveVersion = 1;
	classes = {
	};
	objectVersion = 46;
	objects = {

/* Begin PBXBuildFile section */
		A328965D1E300E4600C543EA /* Issue.swift in Sources */ = {isa = PBXBuildFile; fileRef = A328965C1E300E4600C543EA /* Issue.swift */; };
		A32896631E30267600C543EA /* IssueTableViewController.swift in Sources */ = {isa = PBXBuildFile; fileRef = A32896621E30267600C543EA /* IssueTableViewController.swift */; };
		A36D00AC1E2F192B0061BB9D /* AppDelegate.swift in Sources */ = {isa = PBXBuildFile; fileRef = A36D00AB1E2F192B0061BB9D /* AppDelegate.swift */; };
		A36D00AE1E2F192B0061BB9D /* ViewController.swift in Sources */ = {isa = PBXBuildFile; fileRef = A36D00AD1E2F192B0061BB9D /* ViewController.swift */; };
		A36D00B11E2F192B0061BB9D /* Main.storyboard in Resources */ = {isa = PBXBuildFile; fileRef = A36D00AF1E2F192B0061BB9D /* Main.storyboard */; };
		A36D00B31E2F192B0061BB9D /* Assets.xcassets in Resources */ = {isa = PBXBuildFile; fileRef = A36D00B21E2F192B0061BB9D /* Assets.xcassets */; };
		A36D00B61E2F192B0061BB9D /* LaunchScreen.storyboard in Resources */ = {isa = PBXBuildFile; fileRef = A36D00B41E2F192B0061BB9D /* LaunchScreen.storyboard */; };
/* End PBXBuildFile section */

/* Begin PBXFileReference section */
		A328965C1E300E4600C543EA /* Issue.swift */ = {isa = PBXFileReference; fileEncoding = 4; lastKnownFileType = sourcecode.swift; path = Issue.swift; sourceTree = "<group>"; };
		A32896621E30267600C543EA /* IssueTableViewController.swift */ = {isa = PBXFileReference; fileEncoding = 4; lastKnownFileType = sourcecode.swift; path = IssueTableViewController.swift; sourceTree = "<group>"; };
		A36D00A81E2F192B0061BB9D /* juxtaposed_prototype.app */ = {isa = PBXFileReference; explicitFileType = wrapper.application; includeInIndex = 0; path = juxtaposed_prototype.app; sourceTree = BUILT_PRODUCTS_DIR; };
		A36D00AB1E2F192B0061BB9D /* AppDelegate.swift */ = {isa = PBXFileReference; lastKnownFileType = sourcecode.swift; path = AppDelegate.swift; sourceTree = "<group>"; };
		A36D00AD1E2F192B0061BB9D /* ViewController.swift */ = {isa = PBXFileReference; lastKnownFileType = sourcecode.swift; path = ViewController.swift; sourceTree = "<group>"; };
		A36D00B01E2F192B0061BB9D /* Base */ = {isa = PBXFileReference; lastKnownFileType = file.storyboard; name = Base; path = Base.lproj/Main.storyboard; sourceTree = "<group>"; };
		A36D00B21E2F192B0061BB9D /* Assets.xcassets */ = {isa = PBXFileReference; lastKnownFileType = folder.assetcatalog; path = Assets.xcassets; sourceTree = "<group>"; };
		A36D00B51E2F192B0061BB9D /* Base */ = {isa = PBXFileReference; lastKnownFileType = file.storyboard; name = Base; path = Base.lproj/LaunchScreen.storyboard; sourceTree = "<group>"; };
		A36D00B71E2F192B0061BB9D /* Info.plist */ = {isa = PBXFileReference; lastKnownFileType = text.plist.xml; path = Info.plist; sourceTree = "<group>"; };
/* End PBXFileReference section */

/* Begin PBXFrameworksBuildPhase section */
		A36D00A51E2F19290061BB9D /* Frameworks */ = {
			isa = PBXFrameworksBuildPhase;
			buildActionMask = 2147483647;
			files = (
			);
			runOnlyForDeploymentPostprocessing = 0;
		};
/* End PBXFrameworksBuildPhase section */

/* Begin PBXGroup section */
		A328965E1E300E5300C543EA /* Model */ = {
			isa = PBXGroup;
			children = (
				A328965C1E300E4600C543EA /* Issue.swift */,
			);
			name = Model;
			sourceTree = "<group>";
		};
		A328965F1E300E6000C543EA /* View */ = {
			isa = PBXGroup;
			children = (
			);
			name = View;
			sourceTree = "<group>";
		};
		A32896611E300E7B00C543EA /* View Controller */ = {
			isa = PBXGroup;
			children = (
				A36D00AD1E2F192B0061BB9D /* ViewController.swift */,
				A32896621E30267600C543EA /* IssueTableViewController.swift */,
			);
			name = "View Controller";
			sourceTree = "<group>";
		};
		A36D009F1E2F19290061BB9D = {
			isa = PBXGroup;
			children = (
				A36D00AA1E2F192B0061BB9D /* juxtaposed_prototype */,
				A36D00A91E2F192B0061BB9D /* Products */,
			);
			sourceTree = "<group>";
		};
		A36D00A91E2F192B0061BB9D /* Products */ = {
			isa = PBXGroup;
			children = (
				A36D00A81E2F192B0061BB9D /* juxtaposed_prototype.app */,
			);
			name = Products;
			sourceTree = "<group>";
		};
		A36D00AA1E2F192B0061BB9D /* juxtaposed_prototype */ = {
			isa = PBXGroup;
			children = (
				A32896611E300E7B00C543EA /* View Controller */,
				A328965F1E300E6000C543EA /* View */,
				A328965E1E300E5300C543EA /* Model */,
				A36D00AB1E2F192B0061BB9D /* AppDelegate.swift */,
				A36D00AF1E2F192B0061BB9D /* Main.storyboard */,
				A36D00B21E2F192B0061BB9D /* Assets.xcassets */,
				A36D00B41E2F192B0061BB9D /* LaunchScreen.storyboard */,
				A36D00B71E2F192B0061BB9D /* Info.plist */,
			);
			path = juxtaposed_prototype;
			sourceTree = "<group>";
		};
/* End PBXGroup section */

/* Begin PBXNativeTarget section */
		A36D00A71E2F19290061BB9D /* juxtaposed_prototype */ = {
			isa = PBXNativeTarget;
			buildConfigurationList = A36D00BA1E2F192B0061BB9D /* Build configuration list for PBXNativeTarget "juxtaposed_prototype" */;
			buildPhases = (
				A36D00A41E2F19290061BB9D /* Sources */,
				A36D00A51E2F19290061BB9D /* Frameworks */,
				A36D00A61E2F19290061BB9D /* Resources */,
			);
			buildRules = (
			);
			dependencies = (
			);
			name = juxtaposed_prototype;
			productName = juxtaposed_prototype;
			productReference = A36D00A81E2F192B0061BB9D /* juxtaposed_prototype.app */;
			productType = "com.apple.product-type.application";
		};
/* End PBXNativeTarget section */

/* Begin PBXProject section */
		A36D00A01E2F19290061BB9D /* Project object */ = {
			isa = PBXProject;
			attributes = {
				LastSwiftUpdateCheck = 0800;
				LastUpgradeCheck = 0800;
				ORGANIZATIONNAME = "Julia Geist";
				TargetAttributes = {
					A36D00A71E2F19290061BB9D = {
						CreatedOnToolsVersion = 8.0;
						DevelopmentTeam = 373244HPF5;
						ProvisioningStyle = Automatic;
					};
				};
			};
			buildConfigurationList = A36D00A31E2F19290061BB9D /* Build configuration list for PBXProject "juxtaposed_prototype" */;
			compatibilityVersion = "Xcode 3.2";
			developmentRegion = English;
			hasScannedForEncodings = 0;
			knownRegions = (
				en,
				Base,
			);
			mainGroup = A36D009F1E2F19290061BB9D;
			productRefGroup = A36D00A91E2F192B0061BB9D /* Products */;
			projectDirPath = "";
			projectRoot = "";
			targets = (
				A36D00A71E2F19290061BB9D /* juxtaposed_prototype */,
			);
		};
/* End PBXProject section */

/* Begin PBXResourcesBuildPhase section */
		A36D00A61E2F19290061BB9D /* Resources */ = {
			isa = PBXResourcesBuildPhase;
			buildActionMask = 2147483647;
			files = (
				A36D00B61E2F192B0061BB9D /* LaunchScreen.storyboard in Resources */,
				A36D00B31E2F192B0061BB9D /* Assets.xcassets in Resources */,
				A36D00B11E2F192B0061BB9D /* Main.storyboard in Resources */,
			);
			runOnlyForDeploymentPostprocessing = 0;
		};
/* End PBXResourcesBuildPhase section */

/* Begin PBXSourcesBuildPhase section */
		A36D00A41E2F19290061BB9D /* Sources */ = {
			isa = PBXSourcesBuildPhase;
			buildActionMask = 2147483647;
			files = (
				A36D00AE1E2F192B0061BB9D /* ViewController.swift in Sources */,
				A32896631E30267600C543EA /* IssueTableViewController.swift in Sources */,
				A36D00AC1E2F192B0061BB9D /* AppDelegate.swift in Sources */,
				A328965D1E300E4600C543EA /* Issue.swift in Sources */,
			);
			runOnlyForDeploymentPostprocessing = 0;
		};
/* End PBXSourcesBuildPhase section */

/* Begin PBXVariantGroup section */
		A36D00AF1E2F192B0061BB9D /* Main.storyboard */ = {
			isa = PBXVariantGroup;
			children = (
				A36D00B01E2F192B0061BB9D /* Base */,
			);
			name = Main.storyboard;
			sourceTree = "<group>";
		};
		A36D00B41E2F192B0061BB9D /* LaunchScreen.storyboard */ = {
			isa = PBXVariantGroup;
			children = (
				A36D00B51E2F192B0061BB9D /* Base */,
			);
			name = LaunchScreen.storyboard;
			sourceTree = "<group>";
		};
/* End PBXVariantGroup section */

/* Begin XCBuildConfiguration section */
		A36D00B81E2F192B0061BB9D /* Debug */ = {
			isa = XCBuildConfiguration;
			buildSettings = {
				ALWAYS_SEARCH_USER_PATHS = NO;
				CLANG_ANALYZER_NONNULL = YES;
				CLANG_CXX_LANGUAGE_STANDARD = "gnu++0x";
				CLANG_CXX_LIBRARY = "libc++";
				CLANG_ENABLE_MODULES = YES;
				CLANG_ENABLE_OBJC_ARC = YES;
				CLANG_WARN_BOOL_CONVERSION = YES;
				CLANG_WARN_CONSTANT_CONVERSION = YES;
				CLANG_WARN_DIRECT_OBJC_ISA_USAGE = YES_ERROR;
				CLANG_WARN_DOCUMENTATION_COMMENTS = YES;
				CLANG_WARN_EMPTY_BODY = YES;
				CLANG_WARN_ENUM_CONVERSION = YES;
				CLANG_WARN_INFINITE_RECURSION = YES;
				CLANG_WARN_INT_CONVERSION = YES;
				CLANG_WARN_OBJC_ROOT_CLASS = YES_ERROR;
				CLANG_WARN_SUSPICIOUS_MOVES = YES;
				CLANG_WARN_UNREACHABLE_CODE = YES;
				CLANG_WARN__DUPLICATE_METHOD_MATCH = YES;
				"CODE_SIGN_IDENTITY[sdk=iphoneos*]" = "iPhone Developer";
				COPY_PHASE_STRIP = NO;
				DEBUG_INFORMATION_FORMAT = dwarf;
				ENABLE_STRICT_OBJC_MSGSEND = YES;
				ENABLE_TESTABILITY = YES;
				GCC_C_LANGUAGE_STANDARD = gnu99;
				GCC_DYNAMIC_NO_PIC = NO;
				GCC_NO_COMMON_BLOCKS = YES;
				GCC_OPTIMIZATION_LEVEL = 0;
				GCC_PREPROCESSOR_DEFINITIONS = (
					"DEBUG=1",
					"$(inherited)",
				);
				GCC_WARN_64_TO_32_BIT_CONVERSION = YES;
				GCC_WARN_ABOUT_RETURN_TYPE = YES_ERROR;
				GCC_WARN_UNDECLARED_SELECTOR = YES;
				GCC_WARN_UNINITIALIZED_AUTOS = YES_AGGRESSIVE;
				GCC_WARN_UNUSED_FUNCTION = YES;
				GCC_WARN_UNUSED_VARIABLE = YES;
				IPHONEOS_DEPLOYMENT_TARGET = 10.0;
				MTL_ENABLE_DEBUG_INFO = YES;
				ONLY_ACTIVE_ARCH = YES;
				SDKROOT = iphoneos;
				SWIFT_ACTIVE_COMPILATION_CONDITIONS = DEBUG;
				SWIFT_OPTIMIZATION_LEVEL = "-Onone";
			};
			name = Debug;
		};
		A36D00B91E2F192B0061BB9D /* Release */ = {
			isa = XCBuildConfiguration;
			buildSettings = {
				ALWAYS_SEARCH_USER_PATHS = NO;
				CLANG_ANALYZER_NONNULL = YES;
				CLANG_CXX_LANGUAGE_STANDARD = "gnu++0x";
				CLANG_CXX_LIBRARY = "libc++";
				CLANG_ENABLE_MODULES = YES;
				CLANG_ENABLE_OBJC_ARC = YES;
				CLANG_WARN_BOOL_CONVERSION = YES;
				CLANG_WARN_CONSTANT_CONVERSION = YES;
				CLANG_WARN_DIRECT_OBJC_ISA_USAGE = YES_ERROR;
				CLANG_WARN_DOCUMENTATION_COMMENTS = YES;
				CLANG_WARN_EMPTY_BODY = YES;
				CLANG_WARN_ENUM_CONVERSION = YES;
				CLANG_WARN_INFINITE_RECURSION = YES;
				CLANG_WARN_INT_CONVERSION = YES;
				CLANG_WARN_OBJC_ROOT_CLASS = YES_ERROR;
				CLANG_WARN_SUSPICIOUS_MOVES = YES;
				CLANG_WARN_UNREACHABLE_CODE = YES;
				CLANG_WARN__DUPLICATE_METHOD_MATCH = YES;
				"CODE_SIGN_IDENTITY[sdk=iphoneos*]" = "iPhone Developer";
				COPY_PHASE_STRIP = NO;
				DEBUG_INFORMATION_FORMAT = "dwarf-with-dsym";
				ENABLE_NS_ASSERTIONS = NO;
				ENABLE_STRICT_OBJC_MSGSEND = YES;
				GCC_C_LANGUAGE_STANDARD = gnu99;
				GCC_NO_COMMON_BLOCKS = YES;
				GCC_WARN_64_TO_32_BIT_CONVERSION = YES;
				GCC_WARN_ABOUT_RETURN_TYPE = YES_ERROR;
				GCC_WARN_UNDECLARED_SELECTOR = YES;
				GCC_WARN_UNINITIALIZED_AUTOS = YES_AGGRESSIVE;
				GCC_WARN_UNUSED_FUNCTION = YES;
				GCC_WARN_UNUSED_VARIABLE = YES;
				IPHONEOS_DEPLOYMENT_TARGET = 10.0;
				MTL_ENABLE_DEBUG_INFO = NO;
				SDKROOT = iphoneos;
				SWIFT_OPTIMIZATION_LEVEL = "-Owholemodule";
				VALIDATE_PRODUCT = YES;
			};
			name = Release;
		};
		A36D00BB1E2F192B0061BB9D /* Debug */ = {
			isa = XCBuildConfiguration;
			buildSettings = {
				ASSETCATALOG_COMPILER_APPICON_NAME = AppIcon;
				DEVELOPMENT_TEAM = 373244HPF5;
				INFOPLIST_FILE = juxtaposed_prototype/Info.plist;
				LD_RUNPATH_SEARCH_PATHS = "$(inherited) @executable_path/Frameworks";
				PRODUCT_BUNDLE_IDENTIFIER = "com.juliageist.juxtaposed-prototype";
				PRODUCT_NAME = "$(TARGET_NAME)";
				SWIFT_VERSION = 3.0;
			};
			name = Debug;
		};
		A36D00BC1E2F192B0061BB9D /* Release */ = {
			isa = XCBuildConfiguration;
			buildSettings = {
				ASSETCATALOG_COMPILER_APPICON_NAME = AppIcon;
				DEVELOPMENT_TEAM = 373244HPF5;
				INFOPLIST_FILE = juxtaposed_prototype/Info.plist;
				LD_RUNPATH_SEARCH_PATHS = "$(inherited) @executable_path/Frameworks";
				PRODUCT_BUNDLE_IDENTIFIER = "com.juliageist.juxtaposed-prototype";
				PRODUCT_NAME = "$(TARGET_NAME)";
				SWIFT_VERSION = 3.0;
			};
			name = Release;
		};
/* End XCBuildConfiguration section */

/* Begin XCConfigurationList section */
		A36D00A31E2F19290061BB9D /* Build configuration list for PBXProject "juxtaposed_prototype" */ = {
			isa = XCConfigurationList;
			buildConfigurations = (
				A36D00B81E2F192B0061BB9D /* Debug */,
				A36D00B91E2F192B0061BB9D /* Release */,
			);
			defaultConfigurationIsVisible = 0;
			defaultConfigurationName = Release;
		};
		A36D00BA1E2F192B0061BB9D /* Build configuration list for PBXNativeTarget "juxtaposed_prototype" */ = {
			isa = XCConfigurationList;
			buildConfigurations = (
				A36D00BB1E2F192B0061BB9D /* Debug */,
				A36D00BC1E2F192B0061BB9D /* Release */,
			);
			defaultConfigurationIsVisible = 0;
			defaultConfigurationName = Release;
		};
/* End XCConfigurationList section */
	};
	rootObject = A36D00A01E2F19290061BB9D /* Project object */;
}
